
Microsoft Visual Studio Solution File, Format Version 12.00
# Visual Studio 2015
Project("{FAE04EC0-301F-11D3-BF4B-00C04F79EFBC}") = "NarrativePlatformer.CSharp.Plugins", "NarrativePlatformer.CSharp.Plugins.csproj", "{5D76F069-007D-EA34-0C5C-25C0D98EBA27}"
EndProject
Project("{FAE04EC0-301F-11D3-BF4B-00C04F79EFBC}") = "NarrativePlatformer.CSharp", "NarrativePlatformer.CSharp.csproj", "{CF3E0239-DD43-2D65-E970-7251866D584A}"
EndProject
Project("{FAE04EC0-301F-11D3-BF4B-00C04F79EFBC}") = "NarrativePlatformer.CSharp.Editor", "NarrativePlatformer.CSharp.Editor.csproj", "{84EEC07D-587D-AB81-C15D-41CFD48B24E3}"
EndProject
Global
	GlobalSection(SolutionConfigurationPlatforms) = preSolution
		Debug|Any CPU = Debug|Any CPU
		Release|Any CPU = Release|Any CPU
	EndGlobalSection
	GlobalSection(ProjectConfigurationPlatforms) = postSolution
		{5D76F069-007D-EA34-0C5C-25C0D98EBA27}.Debug|Any CPU.ActiveCfg = Debug|Any CPU
		{5D76F069-007D-EA34-0C5C-25C0D98EBA27}.Debug|Any CPU.Build.0 = Debug|Any CPU
		{5D76F069-007D-EA34-0C5C-25C0D98EBA27}.Release|Any CPU.ActiveCfg = Release|Any CPU
		{5D76F069-007D-EA34-0C5C-25C0D98EBA27}.Release|Any CPU.Build.0 = Release|Any CPU
		{CF3E0239-DD43-2D65-E970-7251866D584A}.Debug|Any CPU.ActiveCfg = Debug|Any CPU
		{CF3E0239-DD43-2D65-E970-7251866D584A}.Debug|Any CPU.Build.0 = Debug|Any CPU
		{CF3E0239-DD43-2D65-E970-7251866D584A}.Release|Any CPU.ActiveCfg = Release|Any CPU
		{CF3E0239-DD43-2D65-E970-7251866D584A}.Release|Any CPU.Build.0 = Release|Any CPU
		{84EEC07D-587D-AB81-C15D-41CFD48B24E3}.Debug|Any CPU.ActiveCfg = Debug|Any CPU
		{84EEC07D-587D-AB81-C15D-41CFD48B24E3}.Debug|Any CPU.Build.0 = Debug|Any CPU
		{84EEC07D-587D-AB81-C15D-41CFD48B24E3}.Release|Any CPU.ActiveCfg = Release|Any CPU
		{84EEC07D-587D-AB81-C15D-41CFD48B24E3}.Release|Any CPU.Build.0 = Release|Any CPU
	EndGlobalSection
	GlobalSection(SolutionProperties) = preSolution
		HideSolutionNode = FALSE
	EndGlobalSection
EndGlobal
